
Microsoft Visual Studio Solution File, Format Version 12.00
# Visual Studio 15
Project("{FAE04EC0-301F-11D3-BF4B-00C04F79EFBC}") = "DJD", "DJD\DJD.csproj", "{5632D7C4-1947-4105-83A3-C213BFC8D0A4}"
EndProject
Global
	GlobalSection(SolutionConfigurationPlatforms) = preSolution
		Debug|Any CPU = Debug|Any CPU
		Release|Any CPU = Release|Any CPU
	EndGlobalSection
	GlobalSection(ProjectConfigurationPlatforms) = postSolution
		{5632D7C4-1947-4105-83A3-C213BFC8D0A4}.Debug|Any CPU.ActiveCfg = Debug|Any CPU
		{5632D7C4-1947-4105-83A3-C213BFC8D0A4}.Debug|Any CPU.Build.0 = Debug|Any CPU
		{5632D7C4-1947-4105-83A3-C213BFC8D0A4}.Release|Any CPU.ActiveCfg = Release|Any CPU
		{5632D7C4-1947-4105-83A3-C213BFC8D0A4}.Release|Any CPU.Build.0 = Release|Any CPU
	EndGlobalSection
EndGlobal
